
Microsoft Visual Studio Solution File, Format Version 12.00
# Visual Studio Version 16
VisualStudioVersion = 16.0.30028.174
MinimumVisualStudioVersion = 10.0.40219.1
Project("{FAE04EC0-301F-11D3-BF4B-00C04F79EFBC}") = "ObserverPattern", "ObserverPattern\ObserverPattern.csproj", "{CFF6435F-7EA6-4D0D-AD36-58659F03BAFF}"
EndProject
Global
	GlobalSection(SolutionConfigurationPlatforms) = preSolution
		Debug|Any CPU = Debug|Any CPU
		Release|Any CPU = Release|Any CPU
	EndGlobalSection
	GlobalSection(ProjectConfigurationPlatforms) = postSolution
		{CFF6435F-7EA6-4D0D-AD36-58659F03BAFF}.Debug|Any CPU.ActiveCfg = Debug|Any CPU
		{CFF6435F-7EA6-4D0D-AD36-58659F03BAFF}.Debug|Any CPU.Build.0 = Debug|Any CPU
		{CFF6435F-7EA6-4D0D-AD36-58659F03BAFF}.Release|Any CPU.ActiveCfg = Release|Any CPU
		{CFF6435F-7EA6-4D0D-AD36-58659F03BAFF}.Release|Any CPU.Build.0 = Release|Any CPU
	EndGlobalSection
	GlobalSection(SolutionProperties) = preSolution
		HideSolutionNode = FALSE
	EndGlobalSection
	GlobalSection(ExtensibilityGlobals) = postSolution
		SolutionGuid = {5D993F99-70E5-4349-A88F-4DA43DF6B42A}
	EndGlobalSection
EndGlobal
